
Microsoft Visual Studio Solution File, Format Version 12.00
# Visual Studio Version 16
VisualStudioVersion = 16.0.30907.101
MinimumVisualStudioVersion = 10.0.40219.1
Project("{9A19103F-16F7-4668-BE54-9A1E7A4F7556}") = "Metotlar", "Metotlar\Metotlar.csproj", "{96333377-653D-46DA-8EC8-59485B1C3641}"
EndProject
Project("{9A19103F-16F7-4668-BE54-9A1E7A4F7556}") = "Matematik", "Matematik\Matematik.csproj", "{17D005DB-9A32-4F0C-ACC7-55F4BCFD77DB}"
EndProject
Project("{9A19103F-16F7-4668-BE54-9A1E7A4F7556}") = "DegerVeReferansTipler", "DegerVeReferansTipler\DegerVeReferansTipler.csproj", "{7A6A6F34-AEB5-4B98-B8D7-7DAA669AA917}"
EndProject
Project("{9A19103F-16F7-4668-BE54-9A1E7A4F7556}") = "OOP1", "OOP1\OOP1.csproj", "{2BCCF74E-7266-4B66-AE70-E208A5E24404}"
EndProject
Project("{FAE04EC0-301F-11D3-BF4B-00C04F79EFBC}") = "Koleksiyonlar", "Koleksiyonlar\Koleksiyonlar.csproj", "{5611C8CB-7506-4C98-9D94-C38B681C3120}"
EndProject
Project("{FAE04EC0-301F-11D3-BF4B-00C04F79EFBC}") = "Genericsİntro", "Genericsİntro\Genericsİntro.csproj", "{F06D10CE-3196-470D-8F63-1A43AB103C80}"
EndProject
Global
	GlobalSection(SolutionConfigurationPlatforms) = preSolution
		Debug|Any CPU = Debug|Any CPU
		Release|Any CPU = Release|Any CPU
	EndGlobalSection
	GlobalSection(ProjectConfigurationPlatforms) = postSolution
		{96333377-653D-46DA-8EC8-59485B1C3641}.Debug|Any CPU.ActiveCfg = Debug|Any CPU
		{96333377-653D-46DA-8EC8-59485B1C3641}.Debug|Any CPU.Build.0 = Debug|Any CPU
		{96333377-653D-46DA-8EC8-59485B1C3641}.Release|Any CPU.ActiveCfg = Release|Any CPU
		{96333377-653D-46DA-8EC8-59485B1C3641}.Release|Any CPU.Build.0 = Release|Any CPU
		{17D005DB-9A32-4F0C-ACC7-55F4BCFD77DB}.Debug|Any CPU.ActiveCfg = Debug|Any CPU
		{17D005DB-9A32-4F0C-ACC7-55F4BCFD77DB}.Debug|Any CPU.Build.0 = Debug|Any CPU
		{17D005DB-9A32-4F0C-ACC7-55F4BCFD77DB}.Release|Any CPU.ActiveCfg = Release|Any CPU
		{17D005DB-9A32-4F0C-ACC7-55F4BCFD77DB}.Release|Any CPU.Build.0 = Release|Any CPU
		{7A6A6F34-AEB5-4B98-B8D7-7DAA669AA917}.Debug|Any CPU.ActiveCfg = Debug|Any CPU
		{7A6A6F34-AEB5-4B98-B8D7-7DAA669AA917}.Debug|Any CPU.Build.0 = Debug|Any CPU
		{7A6A6F34-AEB5-4B98-B8D7-7DAA669AA917}.Release|Any CPU.ActiveCfg = Release|Any CPU
		{7A6A6F34-AEB5-4B98-B8D7-7DAA669AA917}.Release|Any CPU.Build.0 = Release|Any CPU
		{2BCCF74E-7266-4B66-AE70-E208A5E24404}.Debug|Any CPU.ActiveCfg = Debug|Any CPU
		{2BCCF74E-7266-4B66-AE70-E208A5E24404}.Debug|Any CPU.Build.0 = Debug|Any CPU
		{2BCCF74E-7266-4B66-AE70-E208A5E24404}.Release|Any CPU.ActiveCfg = Release|Any CPU
		{2BCCF74E-7266-4B66-AE70-E208A5E24404}.Release|Any CPU.Build.0 = Release|Any CPU
		{5611C8CB-7506-4C98-9D94-C38B681C3120}.Debug|Any CPU.ActiveCfg = Debug|Any CPU
		{5611C8CB-7506-4C98-9D94-C38B681C3120}.Debug|Any CPU.Build.0 = Debug|Any CPU
		{5611C8CB-7506-4C98-9D94-C38B681C3120}.Release|Any CPU.ActiveCfg = Release|Any CPU
		{5611C8CB-7506-4C98-9D94-C38B681C3120}.Release|Any CPU.Build.0 = Release|Any CPU
		{F06D10CE-3196-470D-8F63-1A43AB103C80}.Debug|Any CPU.ActiveCfg = Debug|Any CPU
		{F06D10CE-3196-470D-8F63-1A43AB103C80}.Debug|Any CPU.Build.0 = Debug|Any CPU
		{F06D10CE-3196-470D-8F63-1A43AB103C80}.Release|Any CPU.ActiveCfg = Release|Any CPU
		{F06D10CE-3196-470D-8F63-1A43AB103C80}.Release|Any CPU.Build.0 = Release|Any CPU
	EndGlobalSection
	GlobalSection(SolutionProperties) = preSolution
		HideSolutionNode = FALSE
	EndGlobalSection
	GlobalSection(ExtensibilityGlobals) = postSolution
		SolutionGuid = {386E0AB5-AB8D-48D6-B784-E7E3B885E7AF}
	EndGlobalSection
EndGlobal
